header:
    version: 14
overrides:
    repos:
        oe-core:
            commit: d931446dac36811ff08d610f5e5ab87b785840ef
        bitbake:
            commit: 18cca50ba3da5ce27bc674478957bb08e7536b9a
        meta-arm:
            commit: b0ff16aba48a197070daff28ef7ad67067fd3d88
        meta-openembedded:
            commit: c291ae8229f4e0568f5b3d01ff3bc5d1602f9854
        meta-virtualization:
            commit: f45cc3787c11d040dbef8e7f956a4da420375829
        meta-audioreach:
            commit: e4ef44bb8c6a77b7d14a1160394b81d54baa1e85
        meta-selinux:
            commit: 7351443c6579671bcf048817438f1740ad23eaab
        meta-updater:
            commit: 695299ef60170b9b1dd7833053d2513601478a39
        meta-security:
            commit: 0339b65f63877ed36fcffa44953e57c3bb969ca9
        meta-dpdk:
            commit: 6a59b0cd21084e33feb53b4f2d1310e49e1d4a83
        meta-ai:
            commit: 3511d6c9669683fc232211eb72e1549d6db6e660
